lockfileVersion: '9.0'

settings:
  autoInstallPeers: true
  excludeLinksFromLockfile: false

importers:

  .: {}

  packages/dsh-assembly-rewrite:
    dependencies:
      '@deepseek-ai/cordis':
        specifier: ^4.0.2
        version: 4.0.2

  packages/dsh-assembly-tools-prompt-strip:
    dependencies:
      '@deepseek-ai/cordis':
        specifier: ^4.0.2
        version: 4.0.2

  packages/dsh-client-ui-compaction-micro:
    dependencies:
      '@deepseek-ai/cordis':
        specifier: ^4.0.2
        version: 4.0.2

  packages/dsh-client-ui-composer-reverse:
    dependencies:
      '@deepseek-ai/cordis':
        specifier: ^4.0.2
        version: 4.0.2

  packages/dsh-client-ui-composer-top:
    dependencies:
      '@deepseek-ai/cordis':
        specifier: ^4.0.2
        version: 4.0.2

  packages/dsh-client-ui-recent-sessions-switcher:
    dependencies:
      '@deepseek-ai/cordis':
        specifier: ^4.0.2
        version: 4.0.2
      '@deepseek-ai/dsh-storage-domain':
        specifier: 0.2.0-rc.2
        version: 0.2.0-rc.2(@deepseek-ai/cordis@4.0.2)(@deepseek-ai/dsh-invariants@0.2.0-rc.2(@deepseek-ai/cordis@4.0.2))(@deepseek-ai/dsh-storage@0.2.0-rc.2(@deepseek-ai/cordis@4.0.2))
      '@deepseek-ai/dsh-typert-protocol':
        specifier: 0.2.0-rc.2
        version: 0.2.0-rc.2(@deepseek-ai/cordis@4.0.2)
      zod:
        specifier: ^4.4.3
        version: 4.6.4

  packages/dsh-command-from-prompt:
    dependencies:
      '@deepseek-ai/cordis':
        specifier: ^4.0.2
        version: 4.0.2

  packages/dsh-compaction-micro:
    dependencies:
      '@deepseek-ai/cordis':
        specifier: ^4.0.2
        version: 4.0.2

  packages/dsh-host-bash-heredoc-filter:
    dependencies:
      '@deepseek-ai/cordis':
        specifier: ^4.0.2
        version: 4.0.2

  packages/dsh-im-multiagent:
    dependencies:
      '@deepseek-ai/cordis':
        specifier: ^4.0.2
        version: 4.0.2
      '@deepseek-ai/dsh-llm':
        specifier: 0.2.0-rc.2
        version: 0.2.0-rc.2(@deepseek-ai/cordis@4.0.2)
      undici:
        specifier: ^8.10.2
        version: 8.10.2

  packages/dsh-skill-from-tools:
    dependencies:
      '@deepseek-ai/cordis':
        specifier: ^4.0.2
        version: 4.0.2

  packages/dsh-spill-policy:
    dependencies:
      '@deepseek-ai/cordis':
        specifier: ^4.0.2
        version: 4.0.2

  packages/dsh-tool-filter-root-find:
    dependencies:
      '@deepseek-ai/cordis':
        specifier: ^4.0.2
        version: 4.0.2

  packages/dsh-tool-trajectory-recall:
    dependencies:
      '@deepseek-ai/cordis':
        specifier: ^4.0.2
        version: 4.0.2

packages:

  '@deepseek-ai/cordis@4.0.2':
    resolution: {integrity: sha512-asOnXP1TzFSFQlHb1iegDZp0z/8WD1c7YNrwJR/Tx2bzNuMXfcekE/I67Iv6SQXeLB4csxqCngzQKANP7gdw0g==}
    hasBin: true
    peerDependencies:
      '@deepseek-ai/cordis-plugin-include': ^1.0.7
      '@deepseek-ai/cordis-plugin-loader': ^1.0.3
    peerDependenciesMeta:
      '@deepseek-ai/cordis-plugin-include':
        optional: true
      '@deepseek-ai/cordis-plugin-loader':
        optional: true

  '@deepseek-ai/cosmokit@1.8.3':
    resolution: {integrity: sha512-qBo+ronVM6Eu2WNVJXi8JcMiqZ19T9BRIpV+5qJUFPXjGH/Z0QKcQMC/IZJ7L394YTOtJgcovbk9qP0w2GsBXQ==}

  '@deepseek-ai/cosmokit@1.8.5':
    resolution: {integrity: sha512-LXsrlem9z8dq4sLflj2yuCuYX7KqhdzF5hZly3eZyuTo8d6oDSOXuEgC5DbQWKW+lksm6zmOutQLsP/ma6wR6A==}

  '@deepseek-ai/dsh-brand@0.2.0-rc.2':
    resolution: {integrity: sha512-A5XlN4tIgP0qObkYFhcZ7Oz/tM2oESEZqLwS0Qq+sM1ivGx6o4AMPgJdfKQlwLzqk0cMLNtAaVBHfiYoElt4lw==}
    peerDependencies:
      '@deepseek-ai/cordis': ~4.0.4

  '@deepseek-ai/dsh-invariants@0.2.0-rc.2':
    resolution: {integrity: sha512-QOVc0HpRsS8ekvprb45FlxieDvgR/cAMaxW289HASjMoV/U/B54FpbkHuPBw4EnTw07/sPkjx2B/23+YqE0cbg==}
    peerDependencies:
      '@deepseek-ai/cordis': ~4.0.4

  '@deepseek-ai/dsh-llm@0.2.0-rc.2':
    resolution: {integrity: sha512-6QFrQn/h0iNqCfPpgQidnHtLSpA99A7ZND/uYKaGSd/4BGP8KBhuRd0w63e9s4u+hfW8jc3j29WKcNLIOeUfcA==}
    peerDependencies:
      '@deepseek-ai/cordis': ~4.0.4

  '@deepseek-ai/dsh-storage-domain@0.2.0-rc.2':
    resolution: {integrity: sha512-GHHphcdLUNnFBPY1QOfE3dg6yKenIxB5wpgSNghZ7iG+Ifunwj4tyRUZ6YLKvni3HO9Kog1eIdXlUa9yEux39A==}
    peerDependencies:
      '@deepseek-ai/cordis': ~4.0.4
      '@deepseek-ai/dsh-invariants': 0.2.0-rc.2
      '@deepseek-ai/dsh-storage': 0.2.0-rc.2

  '@deepseek-ai/dsh-storage@0.2.0-rc.2':
    resolution: {integrity: sha512-tItvFJ1IAurwmZfBdrr8w+GuyLADZXZ01bos06Ma0QmD3+0NNyvo0E9qmYb54TfJ2h5yvRcFosHO1048gzuPPw==}
    peerDependencies:
      '@deepseek-ai/cordis': ~4.0.4

  '@deepseek-ai/dsh-timeout@0.2.0-rc.2':
    resolution: {integrity: sha512-NDob8b8DJDB/sDPz3P7xhrkxOh1O9FbN1EZRKsxP4fuTfp4hrQU7aekYS5qZENFKoR8dBJMTh/zcEBw4m31glQ==}
    peerDependencies:
      '@deepseek-ai/cordis': ~4.0.4

  '@deepseek-ai/dsh-typert-protocol@0.2.0-rc.2':
    resolution: {integrity: sha512-95RvIDcVac2BWdv1IxN6yKlRV+8eEvkofqSxV+d0r8x1kx2EIWEsbdxz6C+coYIm+8e03MiN+rwOt8J7sLfe7Q==}
    peerDependencies:
      '@deepseek-ai/cordis': ~4.0.4

  '@deepseek-ai/dsh-util-crypto@0.2.0-rc.2':
    resolution: {integrity: sha512-5OvvmepY69uXTagUMlnoHqg7euI4ZMifLgfdV8xZO20OslWGGiRCkJbZRyDtcJG9GsXWz9UimfWmUu52zKXJ5w==}
    peerDependencies:
      '@deepseek-ai/cordis': ~4.0.4

  '@deepseek-ai/dsh-util-values@0.2.0-rc.2':
    resolution: {integrity: sha512-qgpsbgiZABuE9UvgNaVo9b2HiWwLeU93CTl9PFXqE0jN8ap1ALxzQsLGvr/q2MJuWDYqnFBg60XnqnY8ZxPWEg==}
    peerDependencies:
      '@deepseek-ai/cordis': ~4.0.4

  '@deepseek-ai/schemastery@3.18.4':
    resolution: {integrity: sha512-SSXO6tYuyrIqKVbmOnIq0s+riUywYzouFMcnBluHF9n4KMo2G8HvEzhCYj6pj2617/glOjbJuVInJ9hfONsjkg==}

  '@standard-schema/spec@1.1.0':
    resolution: {integrity: sha512-l2aFy5jALhniG5HgqrD6jXLi/rUWrKvqN/qJx6yoJsgKhblVd+iqqU4RCXavm/jPityDo5TCvKMnpjKnOriy0w==}

  undici@8.10.2:
    resolution: {integrity: sha512-/y4/bH9YNU5hi9NIrpOuvGXFcxrj3CMrV+/AYpowAYTpHn8gX/XPFjNy766FPoYY0miQhdW977JFWKGNhBdwyQ==}
    engines: {node: '>=22.19.0'}

  zod@4.6.4:
    resolution: {integrity: sha512-AXSD6hvGdvRjajG/l1cC+d6IrhH+sjmPKtYeQdJIK8MFJl3LyClzS+o/YsVC+zQZPupAaeH5skwwm8YqYH7BqA==}

snapshots:

  '@deepseek-ai/cordis@4.0.2':
    dependencies:
      '@deepseek-ai/cosmokit': 1.8.3
      '@standard-schema/spec': 1.1.0

  '@deepseek-ai/cosmokit@1.8.3': {}

  '@deepseek-ai/cosmokit@1.8.5': {}

  '@deepseek-ai/dsh-brand@0.2.0-rc.2(@deepseek-ai/cordis@4.0.2)':
    dependencies:
      '@deepseek-ai/cordis': 4.0.2

  '@deepseek-ai/dsh-invariants@0.2.0-rc.2(@deepseek-ai/cordis@4.0.2)':
    dependencies:
      '@deepseek-ai/cordis': 4.0.2
      '@deepseek-ai/schemastery': 3.18.4

  '@deepseek-ai/dsh-llm@0.2.0-rc.2(@deepseek-ai/cordis@4.0.2)':
    dependencies:
      '@deepseek-ai/cordis': 4.0.2
      '@deepseek-ai/dsh-brand': 0.2.0-rc.2(@deepseek-ai/cordis@4.0.2)
      '@deepseek-ai/dsh-timeout': 0.2.0-rc.2(@deepseek-ai/cordis@4.0.2)
      '@deepseek-ai/dsh-typert-protocol': 0.2.0-rc.2(@deepseek-ai/cordis@4.0.2)
      '@deepseek-ai/dsh-util-crypto': 0.2.0-rc.2(@deepseek-ai/cordis@4.0.2)
      '@deepseek-ai/dsh-util-values': 0.2.0-rc.2(@deepseek-ai/cordis@4.0.2)
      '@deepseek-ai/schemastery': 3.18.4
      zod: 4.6.4

  '@deepseek-ai/dsh-storage-domain@0.2.0-rc.2(@deepseek-ai/cordis@4.0.2)(@deepseek-ai/dsh-invariants@0.2.0-rc.2(@deepseek-ai/cordis@4.0.2))(@deepseek-ai/dsh-storage@0.2.0-rc.2(@deepseek-ai/cordis@4.0.2))':
    dependencies:
      '@deepseek-ai/cordis': 4.0.2
      '@deepseek-ai/dsh-invariants': 0.2.0-rc.2(@deepseek-ai/cordis@4.0.2)
      '@deepseek-ai/dsh-storage': 0.2.0-rc.2(@deepseek-ai/cordis@4.0.2)
      '@deepseek-ai/schemastery': 3.18.4
      zod: 4.6.4

  '@deepseek-ai/dsh-storage@0.2.0-rc.2(@deepseek-ai/cordis@4.0.2)':
    dependencies:
      '@deepseek-ai/cordis': 4.0.2

  '@deepseek-ai/dsh-timeout@0.2.0-rc.2(@deepseek-ai/cordis@4.0.2)':
    dependencies:
      '@deepseek-ai/cordis': 4.0.2

  '@deepseek-ai/dsh-typert-protocol@0.2.0-rc.2(@deepseek-ai/cordis@4.0.2)':
    dependencies:
      '@deepseek-ai/cordis': 4.0.2
      '@deepseek-ai/dsh-brand': 0.2.0-rc.2(@deepseek-ai/cordis@4.0.2)

  '@deepseek-ai/dsh-util-crypto@0.2.0-rc.2(@deepseek-ai/cordis@4.0.2)':
    dependencies:
      '@deepseek-ai/cordis': 4.0.2

  '@deepseek-ai/dsh-util-values@0.2.0-rc.2(@deepseek-ai/cordis@4.0.2)':
    dependencies:
      '@deepseek-ai/cordis': 4.0.2

  '@deepseek-ai/schemastery@3.18.4':
    dependencies:
      '@deepseek-ai/cosmokit': 1.8.5
      '@standard-schema/spec': 1.1.0

  '@standard-schema/spec@1.1.0': {}

  undici@8.10.2: {}

  zod@4.6.4: {}
